
Microsoft Visual Studio Solution File, Format Version 12.00
# Visual Studio Version 17
VisualStudioVersion = 17.4.33213.308
MinimumVisualStudioVersion = 10.0.40219.1
Project("{FAE04EC0-301F-11D3-BF4B-00C04F79EFBC}") = "VKApiTesting", "VKApiTesting\VKApiTesting.csproj", "{87B1DD8A-4A2D-406C-9070-5B1F1A224FC0}"
EndProject
Global
	GlobalSection(SolutionConfigurationPlatforms) = preSolution
		Debug|Any CPU = Debug|Any CPU
		Release|Any CPU = Release|Any CPU
	EndGlobalSection
	GlobalSection(ProjectConfigurationPlatforms) = postSolution
		{87B1DD8A-4A2D-406C-9070-5B1F1A224FC0}.Debug|Any CPU.ActiveCfg = Debug|Any CPU
		{87B1DD8A-4A2D-406C-9070-5B1F1A224FC0}.Debug|Any CPU.Build.0 = Debug|Any CPU
		{87B1DD8A-4A2D-406C-9070-5B1F1A224FC0}.Release|Any CPU.ActiveCfg = Release|Any CPU
		{87B1DD8A-4A2D-406C-9070-5B1F1A224FC0}.Release|Any CPU.Build.0 = Release|Any CPU
	EndGlobalSection
	GlobalSection(SolutionProperties) = preSolution
		HideSolutionNode = FALSE
	EndGlobalSection
	GlobalSection(ExtensibilityGlobals) = postSolution
		SolutionGuid = {675B0456-A39D-4DE3-A0D6-AEFF9D18FE61}
	EndGlobalSection
EndGlobal
