
Microsoft Visual Studio Solution File, Format Version 12.00
# Visual Studio Version 17
VisualStudioVersion = 17.4.33213.308
MinimumVisualStudioVersion = 10.0.40219.1
Project("{FAE04EC0-301F-11D3-BF4B-00C04F79EFBC}") = "FinalTask", "FinalTask\FinalTask.csproj", "{FC045E42-DF01-4255-8095-BA035FA8C5FC}"
EndProject
Global
	GlobalSection(SolutionConfigurationPlatforms) = preSolution
		Debug|Any CPU = Debug|Any CPU
		Release|Any CPU = Release|Any CPU
	EndGlobalSection
	GlobalSection(ProjectConfigurationPlatforms) = postSolution
		{FC045E42-DF01-4255-8095-BA035FA8C5FC}.Debug|Any CPU.ActiveCfg = Debug|Any CPU
		{FC045E42-DF01-4255-8095-BA035FA8C5FC}.Debug|Any CPU.Build.0 = Debug|Any CPU
		{FC045E42-DF01-4255-8095-BA035FA8C5FC}.Release|Any CPU.ActiveCfg = Release|Any CPU
		{FC045E42-DF01-4255-8095-BA035FA8C5FC}.Release|Any CPU.Build.0 = Release|Any CPU
	EndGlobalSection
	GlobalSection(SolutionProperties) = preSolution
		HideSolutionNode = FALSE
	EndGlobalSection
	GlobalSection(ExtensibilityGlobals) = postSolution
		SolutionGuid = {E1D9ED4B-6B23-4E1F-9A33-3400008E9C12}
	EndGlobalSection
EndGlobal
