
Microsoft Visual Studio Solution File, Format Version 12.00
# Visual Studio Version 17
VisualStudioVersion = 17.4.33213.308
MinimumVisualStudioVersion = 10.0.40219.1
Project("{9A19103F-16F7-4668-BE54-9A1E7A4F7556}") = "DatabaseTask", "DatabaseTask.csproj", "{0BD9D981-6930-4C76-AC83-D49DEB49B87E}"
EndProject
Global
	GlobalSection(SolutionConfigurationPlatforms) = preSolution
		Debug|Any CPU = Debug|Any CPU
		Release|Any CPU = Release|Any CPU
	EndGlobalSection
	GlobalSection(ProjectConfigurationPlatforms) = postSolution
		{0BD9D981-6930-4C76-AC83-D49DEB49B87E}.Debug|Any CPU.ActiveCfg = Debug|Any CPU
		{0BD9D981-6930-4C76-AC83-D49DEB49B87E}.Debug|Any CPU.Build.0 = Debug|Any CPU
		{0BD9D981-6930-4C76-AC83-D49DEB49B87E}.Release|Any CPU.ActiveCfg = Release|Any CPU
		{0BD9D981-6930-4C76-AC83-D49DEB49B87E}.Release|Any CPU.Build.0 = Release|Any CPU
	EndGlobalSection
	GlobalSection(SolutionProperties) = preSolution
		HideSolutionNode = FALSE
	EndGlobalSection
	GlobalSection(ExtensibilityGlobals) = postSolution
		SolutionGuid = {C0829BB6-9E8A-490D-B202-492A7805F89B}
	EndGlobalSection
EndGlobal
